
Microsoft Visual Studio Solution File, Format Version 12.00
# Visual Studio 15
VisualStudioVersion = 15.0.28010.2050
MinimumVisualStudioVersion = 10.0.40219.1
Project("{FAE04EC0-301F-11D3-BF4B-00C04F79EFBC}") = "EF_Test", "EF_Test\EF_Test.csproj", "{23CBCF67-E8B3-4521-8F1E-67D4E366F2E2}"
EndProject
Global
	GlobalSection(SolutionConfigurationPlatforms) = preSolution
		Debug|Any CPU = Debug|Any CPU
		Release|Any CPU = Release|Any CPU
	EndGlobalSection
	GlobalSection(ProjectConfigurationPlatforms) = postSolution
		{23CBCF67-E8B3-4521-8F1E-67D4E366F2E2}.Debug|Any CPU.ActiveCfg = Debug|Any CPU
		{23CBCF67-E8B3-4521-8F1E-67D4E366F2E2}.Debug|Any CPU.Build.0 = Debug|Any CPU
		{23CBCF67-E8B3-4521-8F1E-67D4E366F2E2}.Release|Any CPU.ActiveCfg = Release|Any CPU
		{23CBCF67-E8B3-4521-8F1E-67D4E366F2E2}.Release|Any CPU.Build.0 = Release|Any CPU
	EndGlobalSection
	GlobalSection(SolutionProperties) = preSolution
		HideSolutionNode = FALSE
	EndGlobalSection
	GlobalSection(ExtensibilityGlobals) = postSolution
		SolutionGuid = {A3CE2486-BEB8-4F4B-B2BE-F2454ACA0353}
	EndGlobalSection
EndGlobal
